Microsoft Visual Studio Solution File, Format Version 12.00
# Visual Studio Version 17
VisualStudioVersion = 17.5.2.0
MinimumVisualStudioVersion = 10.0.40219.1
Project("{FAE04EC0-301F-11D3-BF4B-00C04F79EFBC}") = "GisViewer", "GisViewer.csproj", "{AA5761C3-9647-4247-4F4B-698653D6FB80}"
EndProject
Global
	GlobalSection(SolutionConfigurationPlatforms) = preSolution
		Debug|Any CPU = Debug|Any CPU
		Release|Any CPU = Release|Any CPU
	EndGlobalSection
	GlobalSection(ProjectConfigurationPlatforms) = postSolution
		{AA5761C3-9647-4247-4F4B-698653D6FB80}.Debug|Any CPU.ActiveCfg = Debug|Any CPU
		{AA5761C3-9647-4247-4F4B-698653D6FB80}.Debug|Any CPU.Build.0 = Debug|Any CPU
		{AA5761C3-9647-4247-4F4B-698653D6FB80}.Release|Any CPU.ActiveCfg = Release|Any CPU
		{AA5761C3-9647-4247-4F4B-698653D6FB80}.Release|Any CPU.Build.0 = Release|Any CPU
	EndGlobalSection
	GlobalSection(SolutionProperties) = preSolution
		HideSolutionNode = FALSE
	EndGlobalSection
	GlobalSection(ExtensibilityGlobals) = postSolution
		SolutionGuid = {F4E69DC4-08F1-40C0-8226-BA32B6AACDAC}
	EndGlobalSection
EndGlobal
